
Microsoft Visual Studio Solution File, Format Version 12.00
# Visual Studio 15
VisualStudioVersion = 15.0.26730.12
MinimumVisualStudioVersion = 10.0.40219.1
Project("{888888A0-9F3D-457C-B088-3A5042F75D52}") = "POTD", "POTD\POTD.pyproj", "{634F305A-1051-4B92-9EC5-3285F9DBC919}"
EndProject
Global
	GlobalSection(SolutionConfigurationPlatforms) = preSolution
		Debug|Any CPU = Debug|Any CPU
		Release|Any CPU = Release|Any CPU
	EndGlobalSection
	GlobalSection(ProjectConfigurationPlatforms) = postSolution
		{634F305A-1051-4B92-9EC5-3285F9DBC919}.Debug|Any CPU.ActiveCfg = Debug|Any CPU
		{634F305A-1051-4B92-9EC5-3285F9DBC919}.Release|Any CPU.ActiveCfg = Release|Any CPU
	EndGlobalSection
	GlobalSection(SolutionProperties) = preSolution
		HideSolutionNode = FALSE
	EndGlobalSection
	GlobalSection(ExtensibilityGlobals) = postSolution
		SolutionGuid = {E2E29203-A939-4720-A1C9-E61B995E767C}
	EndGlobalSection
EndGlobal
